
Microsoft Visual Studio Solution File, Format Version 12.00
# Visual Studio Version 17
VisualStudioVersion = 17.1.32228.430
MinimumVisualStudioVersion = 10.0.40219.1
Project("{FAE04EC0-301F-11D3-BF4B-00C04F79EFBC}") = "Quarto Exercicio Prova do Djalma", "Quarto Exercicio Prova do Djalma\Quarto Exercicio Prova do Djalma.csproj", "{EDDC99DB-FA78-4A2B-BC45-736E8B15739C}"
EndProject
Global
	GlobalSection(SolutionConfigurationPlatforms) = preSolution
		Debug|Any CPU = Debug|Any CPU
		Release|Any CPU = Release|Any CPU
	EndGlobalSection
	GlobalSection(ProjectConfigurationPlatforms) = postSolution
		{EDDC99DB-FA78-4A2B-BC45-736E8B15739C}.Debug|Any CPU.ActiveCfg = Debug|Any CPU
		{EDDC99DB-FA78-4A2B-BC45-736E8B15739C}.Debug|Any CPU.Build.0 = Debug|Any CPU
		{EDDC99DB-FA78-4A2B-BC45-736E8B15739C}.Release|Any CPU.ActiveCfg = Release|Any CPU
		{EDDC99DB-FA78-4A2B-BC45-736E8B15739C}.Release|Any CPU.Build.0 = Release|Any CPU
	EndGlobalSection
	GlobalSection(SolutionProperties) = preSolution
		HideSolutionNode = FALSE
	EndGlobalSection
	GlobalSection(ExtensibilityGlobals) = postSolution
		SolutionGuid = {27187577-50A8-4EA4-9DA9-32DA727C48CB}
	EndGlobalSection
EndGlobal
